Microsoft Visual Studio Solution File, Format Version 12.00
# Visual Studio Version 17
VisualStudioVersion = 17.7.34024.191
MinimumVisualStudioVersion = 10.0.40219.1
Project("{2150E333-8FDC-42A3-9474-1A3956D46DE8}") = "Product", "Product", "{C1E2AAA5-E715-4D0A-94DC-E8074D948799}"
EndProject
Project("{9A19103F-16F7-4668-BE54-9A1E7A4F7556}") = "Product.Api", "src\Product\Product.API\Product.Api.csproj", "{68516F16-A32F-4ACB-9E66-92DA37992DA3}"
EndProject
Project("{9A19103F-16F7-4668-BE54-9A1E7A4F7556}") = "Product.Model", "src\Product\Product.Model\Product.Model.csproj", "{50BC1C9F-DFA4-4FE2-9A47-4E8B4E6CA787}"
EndProject
Project("{9A19103F-16F7-4668-BE54-9A1E7A4F7556}") = "Product.Repository", "src\Product\Product.Repository\Product.Repository.csproj", "{68DA70FF-C738-4184-A4BC-46CBF6EEF0BE}"
EndProject
Project("{9A19103F-16F7-4668-BE54-9A1E7A4F7556}") = "Product.Service", "src\Product\Product.Service\Product.Service.csproj", "{A77ACD5C-10E3-4B83-8C8F-7DB9DED14D22}"
EndProject
Project("{2150E333-8FDC-42A3-9474-1A3956D46DE8}") = "Category", "Category", "{BC547608-6979-46B7-B0E8-019EA7252830}"
EndProject
Project("{9A19103F-16F7-4668-BE54-9A1E7A4F7556}") = "Category.Api", "src\Category\Category.API\Category.Api.csproj", "{EA1E2F32-A8C3-49C5-890D-7BA818FB8BD1}"
EndProject
Project("{9A19103F-16F7-4668-BE54-9A1E7A4F7556}") = "Category.Model", "src\Category\Category.Model\Category.Model.csproj", "{5B29940E-3911-4541-9416-0FCF41CFA4A6}"
EndProject
Project("{9A19103F-16F7-4668-BE54-9A1E7A4F7556}") = "Category.Repository", "src\Category\Category.Repository\Category.Repository.csproj", "{E0578F34-937F-4D1A-8D38-7C3127EB49C8}"
EndProject
Project("{9A19103F-16F7-4668-BE54-9A1E7A4F7556}") = "Category.Service", "src\Category\Category.Service\Category.Service.csproj", "{42848FBC-F9DB-40FB-B92B-56345F715DDB}"
EndProject
Project("{2150E333-8FDC-42A3-9474-1A3956D46DE8}") = "Customer", "Customer", "{7A076411-3F00-47FE-9208-D8D390BECD69}"
EndProject
Project("{9A19103F-16F7-4668-BE54-9A1E7A4F7556}") = "Customer.Api", "src\Customer\Customer.API\Customer.Api.csproj", "{2CE2CFF3-109C-4797-9167-995360721CF9}"
EndProject
Project("{9A19103F-16F7-4668-BE54-9A1E7A4F7556}") = "Customer.Model", "src\Customer\Customer.Model\Customer.Model.csproj", "{612D5AC7-5568-421F-9AE9-405FDEE313C5}"
EndProject
Project("{9A19103F-16F7-4668-BE54-9A1E7A4F7556}") = "Customer.Repository", "src\Customer\Customer.Repository\Customer.Repository.csproj", "{FB23F823-FD0F-40D6-8BFC-FF835CA5D77F}"
EndProject
Project("{9A19103F-16F7-4668-BE54-9A1E7A4F7556}") = "Customer.Service", "src\Customer\Customer.Service\Customer.Service.csproj", "{841BFA09-C129-4FA8-9B85-0537EDA3C164}"
EndProject
Project("{2150E333-8FDC-42A3-9474-1A3956D46DE8}") = "src", "src", "{895A46F2-C02B-4DBB-996E-EBF21787B49A}"
EndProject
Project("{2150E333-8FDC-42A3-9474-1A3956D46DE8}") = "Shared", "Shared", "{B5A02F60-DD6A-4C43-9586-FF4916A51E68}"
EndProject
Project("{9A19103F-16F7-4668-BE54-9A1E7A4F7556}") = "Shared.Repository", "src\Shared\Shared.Repository\Shared.Repository.csproj", "{C40A24EA-4B7D-4F6B-9CCC-584B0033C79E}"
EndProject
Project("{9A19103F-16F7-4668-BE54-9A1E7A4F7556}") = "Shared.Repository.Configuration", "src\Shared\Shared.Repository.Configuration\Shared.Repository.Configuration.csproj", "{BD52D1FC-7370-4FAC-8917-74E525E89D93}"
EndProject
Project("{2150E333-8FDC-42A3-9474-1A3956D46DE8}") = "Solution Items", "Solution Items", "{4CAAEA38-29D9-45D2-8847-38FD35684BF9}"
	ProjectSection(SolutionItems) = preProject
		src\Directory.Packages.props = src\Directory.Packages.props
		src\docker-compose.yml = src\docker-compose.yml
	EndProjectSection
EndProject
Project("{9A19103F-16F7-4668-BE54-9A1E7A4F7556}") = "Shared.Repository.NoSql", "src\Shared\Shared.Repository.MongoDb\Shared.Repository.NoSql.csproj", "{92712264-44F9-437E-8970-0582C103BE62}"
EndProject
Project("{2150E333-8FDC-42A3-9474-1A3956D46DE8}") = "Basket", "Basket", "{C4B6A69E-18CC-4CC8-B4A3-DC2995808A4B}"
EndProject
Project("{9A19103F-16F7-4668-BE54-9A1E7A4F7556}") = "Basket.Api", "src\Basket\Basket.API\Basket.Api.csproj", "{6054CB13-5836-4090-8F9A-5DD05CC42141}"
EndProject
Project("{9A19103F-16F7-4668-BE54-9A1E7A4F7556}") = "Basket.Model", "src\Basket\Basket.Model\Basket.Model.csproj", "{3731E418-4D0E-4231-9458-E6A9405E3B0F}"
EndProject
Project("{9A19103F-16F7-4668-BE54-9A1E7A4F7556}") = "Basket.Repository", "src\Basket\Basket.Repository\Basket.Repository.csproj", "{9C9BD988-D0B9-4918-9C8B-D5A4D9E32DDA}"
EndProject
Project("{9A19103F-16F7-4668-BE54-9A1E7A4F7556}") = "Basket.Service", "src\Basket\Basket.Service\Basket.Service.csproj", "{6ABE3F60-C436-487B-A21B-B934843302F7}"
EndProject
Project("{2150E333-8FDC-42A3-9474-1A3956D46DE8}") = "Brand", "Brand", "{0D571C91-1319-481A-89BB-4A345454CB82}"
EndProject
Project("{9A19103F-16F7-4668-BE54-9A1E7A4F7556}") = "Brand.Api", "src\Brand\Brand.API\Brand.Api.csproj", "{860347EB-78E5-4A51-A982-6C3F72893725}"
EndProject
Project("{9A19103F-16F7-4668-BE54-9A1E7A4F7556}") = "Brand.Model", "src\Brand\Brand.Model\Brand.Model.csproj", "{C0847884-476A-4E33-813D-5824FB3C218E}"
EndProject
Project("{9A19103F-16F7-4668-BE54-9A1E7A4F7556}") = "Brand.Repository", "src\Brand\Brand.Repository\Brand.Repository.csproj", "{EACB9B61-811A-4FCC-B240-0A8F46D7F884}"
EndProject
Project("{9A19103F-16F7-4668-BE54-9A1E7A4F7556}") = "Brand.Service", "src\Brand\Brand.Service\Brand.Service.csproj", "{82C3BE3E-281E-46CD-A727-F477CB7BC4E4}"
EndProject
Global
	GlobalSection(SolutionConfigurationPlatforms) = preSolution
		Debug|Any CPU = Debug|Any CPU
		Release|Any CPU = Release|Any CPU
	EndGlobalSection
	GlobalSection(ProjectConfigurationPlatforms) = postSolution
		{68516F16-A32F-4ACB-9E66-92DA37992DA3}.Debug|Any CPU.ActiveCfg = Debug|Any CPU
		{68516F16-A32F-4ACB-9E66-92DA37992DA3}.Debug|Any CPU.Build.0 = Debug|Any CPU
		{68516F16-A32F-4ACB-9E66-92DA37992DA3}.Release|Any CPU.ActiveCfg = Release|Any CPU
		{68516F16-A32F-4ACB-9E66-92DA37992DA3}.Release|Any CPU.Build.0 = Release|Any CPU
		{50BC1C9F-DFA4-4FE2-9A47-4E8B4E6CA787}.Debug|Any CPU.ActiveCfg = Debug|Any CPU
		{50BC1C9F-DFA4-4FE2-9A47-4E8B4E6CA787}.Debug|Any CPU.Build.0 = Debug|Any CPU
		{50BC1C9F-DFA4-4FE2-9A47-4E8B4E6CA787}.Release|Any CPU.ActiveCfg = Release|Any CPU
		{50BC1C9F-DFA4-4FE2-9A47-4E8B4E6CA787}.Release|Any CPU.Build.0 = Release|Any CPU
		{68DA70FF-C738-4184-A4BC-46CBF6EEF0BE}.Debug|Any CPU.ActiveCfg = Debug|Any CPU
		{68DA70FF-C738-4184-A4BC-46CBF6EEF0BE}.Debug|Any CPU.Build.0 = Debug|Any CPU
		{68DA70FF-C738-4184-A4BC-46CBF6EEF0BE}.Release|Any CPU.ActiveCfg = Release|Any CPU
		{68DA70FF-C738-4184-A4BC-46CBF6EEF0BE}.Release|Any CPU.Build.0 = Release|Any CPU
		{A77ACD5C-10E3-4B83-8C8F-7DB9DED14D22}.Debug|Any CPU.ActiveCfg = Debug|Any CPU
		{A77ACD5C-10E3-4B83-8C8F-7DB9DED14D22}.Debug|Any CPU.Build.0 = Debug|Any CPU
		{A77ACD5C-10E3-4B83-8C8F-7DB9DED14D22}.Release|Any CPU.ActiveCfg = Release|Any CPU
		{A77ACD5C-10E3-4B83-8C8F-7DB9DED14D22}.Release|Any CPU.Build.0 = Release|Any CPU
		{EA1E2F32-A8C3-49C5-890D-7BA818FB8BD1}.Debug|Any CPU.ActiveCfg = Debug|Any CPU
		{EA1E2F32-A8C3-49C5-890D-7BA818FB8BD1}.Debug|Any CPU.Build.0 = Debug|Any CPU
		{EA1E2F32-A8C3-49C5-890D-7BA818FB8BD1}.Release|Any CPU.ActiveCfg = Release|Any CPU
		{EA1E2F32-A8C3-49C5-890D-7BA818FB8BD1}.Release|Any CPU.Build.0 = Release|Any CPU
		{5B29940E-3911-4541-9416-0FCF41CFA4A6}.Debug|Any CPU.ActiveCfg = Debug|Any CPU
		{5B29940E-3911-4541-9416-0FCF41CFA4A6}.Debug|Any CPU.Build.0 = Debug|Any CPU
		{5B29940E-3911-4541-9416-0FCF41CFA4A6}.Release|Any CPU.ActiveCfg = Release|Any CPU
		{5B29940E-3911-4541-9416-0FCF41CFA4A6}.Release|Any CPU.Build.0 = Release|Any CPU
		{E0578F34-937F-4D1A-8D38-7C3127EB49C8}.Debug|Any CPU.ActiveCfg = Debug|Any CPU
		{E0578F34-937F-4D1A-8D38-7C3127EB49C8}.Debug|Any CPU.Build.0 = Debug|Any CPU
		{E0578F34-937F-4D1A-8D38-7C3127EB49C8}.Release|Any CPU.ActiveCfg = Release|Any CPU
		{E0578F34-937F-4D1A-8D38-7C3127EB49C8}.Release|Any CPU.Build.0 = Release|Any CPU
		{42848FBC-F9DB-40FB-B92B-56345F715DDB}.Debug|Any CPU.ActiveCfg = Debug|Any CPU
		{42848FBC-F9DB-40FB-B92B-56345F715DDB}.Debug|Any CPU.Build.0 = Debug|Any CPU
		{42848FBC-F9DB-40FB-B92B-56345F715DDB}.Release|Any CPU.ActiveCfg = Release|Any CPU
		{42848FBC-F9DB-40FB-B92B-56345F715DDB}.Release|Any CPU.Build.0 = Release|Any CPU
		{2CE2CFF3-109C-4797-9167-995360721CF9}.Debug|Any CPU.ActiveCfg = Debug|Any CPU
		{2CE2CFF3-109C-4797-9167-995360721CF9}.Debug|Any CPU.Build.0 = Debug|Any CPU
		{2CE2CFF3-109C-4797-9167-995360721CF9}.Release|Any CPU.ActiveCfg = Release|Any CPU
		{2CE2CFF3-109C-4797-9167-995360721CF9}.Release|Any CPU.Build.0 = Release|Any CPU
		{612D5AC7-5568-421F-9AE9-405FDEE313C5}.Debug|Any CPU.ActiveCfg = Debug|Any CPU
		{612D5AC7-5568-421F-9AE9-405FDEE313C5}.Debug|Any CPU.Build.0 = Debug|Any CPU
		{612D5AC7-5568-421F-9AE9-405FDEE313C5}.Release|Any CPU.ActiveCfg = Release|Any CPU
		{612D5AC7-5568-421F-9AE9-405FDEE313C5}.Release|Any CPU.Build.0 = Release|Any CPU
		{FB23F823-FD0F-40D6-8BFC-FF835CA5D77F}.Debug|Any CPU.ActiveCfg = Debug|Any CPU
		{FB23F823-FD0F-40D6-8BFC-FF835CA5D77F}.Debug|Any CPU.Build.0 = Debug|Any CPU
		{FB23F823-FD0F-40D6-8BFC-FF835CA5D77F}.Release|Any CPU.ActiveCfg = Release|Any CPU
		{FB23F823-FD0F-40D6-8BFC-FF835CA5D77F}.Release|Any CPU.Build.0 = Release|Any CPU
		{841BFA09-C129-4FA8-9B85-0537EDA3C164}.Debug|Any CPU.ActiveCfg = Debug|Any CPU
		{841BFA09-C129-4FA8-9B85-0537EDA3C164}.Debug|Any CPU.Build.0 = Debug|Any CPU
		{841BFA09-C129-4FA8-9B85-0537EDA3C164}.Release|Any CPU.ActiveCfg = Release|Any CPU
		{841BFA09-C129-4FA8-9B85-0537EDA3C164}.Release|Any CPU.Build.0 = Release|Any CPU
		{C40A24EA-4B7D-4F6B-9CCC-584B0033C79E}.Debug|Any CPU.ActiveCfg = Debug|Any CPU
		{C40A24EA-4B7D-4F6B-9CCC-584B0033C79E}.Debug|Any CPU.Build.0 = Debug|Any CPU
		{C40A24EA-4B7D-4F6B-9CCC-584B0033C79E}.Release|Any CPU.ActiveCfg = Release|Any CPU
		{C40A24EA-4B7D-4F6B-9CCC-584B0033C79E}.Release|Any CPU.Build.0 = Release|Any CPU
		{BD52D1FC-7370-4FAC-8917-74E525E89D93}.Debug|Any CPU.ActiveCfg = Debug|Any CPU
		{BD52D1FC-7370-4FAC-8917-74E525E89D93}.Debug|Any CPU.Build.0 = Debug|Any CPU
		{BD52D1FC-7370-4FAC-8917-74E525E89D93}.Release|Any CPU.ActiveCfg = Release|Any CPU
		{BD52D1FC-7370-4FAC-8917-74E525E89D93}.Release|Any CPU.Build.0 = Release|Any CPU
		{92712264-44F9-437E-8970-0582C103BE62}.Debug|Any CPU.ActiveCfg = Debug|Any CPU
		{92712264-44F9-437E-8970-0582C103BE62}.Debug|Any CPU.Build.0 = Debug|Any CPU
		{92712264-44F9-437E-8970-0582C103BE62}.Release|Any CPU.ActiveCfg = Release|Any CPU
		{92712264-44F9-437E-8970-0582C103BE62}.Release|Any CPU.Build.0 = Release|Any CPU
		{6054CB13-5836-4090-8F9A-5DD05CC42141}.Debug|Any CPU.ActiveCfg = Debug|Any CPU
		{6054CB13-5836-4090-8F9A-5DD05CC42141}.Debug|Any CPU.Build.0 = Debug|Any CPU
		{6054CB13-5836-4090-8F9A-5DD05CC42141}.Release|Any CPU.ActiveCfg = Release|Any CPU
		{6054CB13-5836-4090-8F9A-5DD05CC42141}.Release|Any CPU.Build.0 = Release|Any CPU
		{3731E418-4D0E-4231-9458-E6A9405E3B0F}.Debug|Any CPU.ActiveCfg = Debug|Any CPU
		{3731E418-4D0E-4231-9458-E6A9405E3B0F}.Debug|Any CPU.Build.0 = Debug|Any CPU
		{3731E418-4D0E-4231-9458-E6A9405E3B0F}.Release|Any CPU.ActiveCfg = Release|Any CPU
		{3731E418-4D0E-4231-9458-E6A9405E3B0F}.Release|Any CPU.Build.0 = Release|Any CPU
		{9C9BD988-D0B9-4918-9C8B-D5A4D9E32DDA}.Debug|Any CPU.ActiveCfg = Debug|Any CPU
		{9C9BD988-D0B9-4918-9C8B-D5A4D9E32DDA}.Debug|Any CPU.Build.0 = Debug|Any CPU
		{9C9BD988-D0B9-4918-9C8B-D5A4D9E32DDA}.Release|Any CPU.ActiveCfg = Release|Any CPU
		{9C9BD988-D0B9-4918-9C8B-D5A4D9E32DDA}.Release|Any CPU.Build.0 = Release|Any CPU
		{6ABE3F60-C436-487B-A21B-B934843302F7}.Debug|Any CPU.ActiveCfg = Debug|Any CPU
		{6ABE3F60-C436-487B-A21B-B934843302F7}.Debug|Any CPU.Build.0 = Debug|Any CPU
		{6ABE3F60-C436-487B-A21B-B934843302F7}.Release|Any CPU.ActiveCfg = Release|Any CPU
		{6ABE3F60-C436-487B-A21B-B934843302F7}.Release|Any CPU.Build.0 = Release|Any CPU
		{860347EB-78E5-4A51-A982-6C3F72893725}.Debug|Any CPU.ActiveCfg = Debug|Any CPU
		{860347EB-78E5-4A51-A982-6C3F72893725}.Debug|Any CPU.Build.0 = Debug|Any CPU
		{860347EB-78E5-4A51-A982-6C3F72893725}.Release|Any CPU.ActiveCfg = Release|Any CPU
		{860347EB-78E5-4A51-A982-6C3F72893725}.Release|Any CPU.Build.0 = Release|Any CPU
		{C0847884-476A-4E33-813D-5824FB3C218E}.Debug|Any CPU.ActiveCfg = Debug|Any CPU
		{C0847884-476A-4E33-813D-5824FB3C218E}.Debug|Any CPU.Build.0 = Debug|Any CPU
		{C0847884-476A-4E33-813D-5824FB3C218E}.Release|Any CPU.ActiveCfg = Release|Any CPU
		{C0847884-476A-4E33-813D-5824FB3C218E}.Release|Any CPU.Build.0 = Release|Any CPU
		{EACB9B61-811A-4FCC-B240-0A8F46D7F884}.Debug|Any CPU.ActiveCfg = Debug|Any CPU
		{EACB9B61-811A-4FCC-B240-0A8F46D7F884}.Debug|Any CPU.Build.0 = Debug|Any CPU
		{EACB9B61-811A-4FCC-B240-0A8F46D7F884}.Release|Any CPU.ActiveCfg = Release|Any CPU
		{EACB9B61-811A-4FCC-B240-0A8F46D7F884}.Release|Any CPU.Build.0 = Release|Any CPU
		{82C3BE3E-281E-46CD-A727-F477CB7BC4E4}.Debug|Any CPU.ActiveCfg = Debug|Any CPU
		{82C3BE3E-281E-46CD-A727-F477CB7BC4E4}.Debug|Any CPU.Build.0 = Debug|Any CPU
		{82C3BE3E-281E-46CD-A727-F477CB7BC4E4}.Release|Any CPU.ActiveCfg = Release|Any CPU
		{82C3BE3E-281E-46CD-A727-F477CB7BC4E4}.Release|Any CPU.Build.0 = Release|Any CPU
	EndGlobalSection
	GlobalSection(SolutionProperties) = preSolution
		HideSolutionNode = FALSE
	EndGlobalSection
	GlobalSection(NestedProjects) = preSolution
		{C1E2AAA5-E715-4D0A-94DC-E8074D948799} = {895A46F2-C02B-4DBB-996E-EBF21787B49A}
		{68516F16-A32F-4ACB-9E66-92DA37992DA3} = {C1E2AAA5-E715-4D0A-94DC-E8074D948799}
		{50BC1C9F-DFA4-4FE2-9A47-4E8B4E6CA787} = {C1E2AAA5-E715-4D0A-94DC-E8074D948799}
		{68DA70FF-C738-4184-A4BC-46CBF6EEF0BE} = {C1E2AAA5-E715-4D0A-94DC-E8074D948799}
		{A77ACD5C-10E3-4B83-8C8F-7DB9DED14D22} = {C1E2AAA5-E715-4D0A-94DC-E8074D948799}
		{BC547608-6979-46B7-B0E8-019EA7252830} = {895A46F2-C02B-4DBB-996E-EBF21787B49A}
		{EA1E2F32-A8C3-49C5-890D-7BA818FB8BD1} = {BC547608-6979-46B7-B0E8-019EA7252830}
		{5B29940E-3911-4541-9416-0FCF41CFA4A6} = {BC547608-6979-46B7-B0E8-019EA7252830}
		{E0578F34-937F-4D1A-8D38-7C3127EB49C8} = {BC547608-6979-46B7-B0E8-019EA7252830}
		{42848FBC-F9DB-40FB-B92B-56345F715DDB} = {BC547608-6979-46B7-B0E8-019EA7252830}
		{7A076411-3F00-47FE-9208-D8D390BECD69} = {895A46F2-C02B-4DBB-996E-EBF21787B49A}
		{2CE2CFF3-109C-4797-9167-995360721CF9} = {7A076411-3F00-47FE-9208-D8D390BECD69}
		{612D5AC7-5568-421F-9AE9-405FDEE313C5} = {7A076411-3F00-47FE-9208-D8D390BECD69}
		{FB23F823-FD0F-40D6-8BFC-FF835CA5D77F} = {7A076411-3F00-47FE-9208-D8D390BECD69}
		{841BFA09-C129-4FA8-9B85-0537EDA3C164} = {7A076411-3F00-47FE-9208-D8D390BECD69}
		{B5A02F60-DD6A-4C43-9586-FF4916A51E68} = {895A46F2-C02B-4DBB-996E-EBF21787B49A}
		{C40A24EA-4B7D-4F6B-9CCC-584B0033C79E} = {B5A02F60-DD6A-4C43-9586-FF4916A51E68}
		{BD52D1FC-7370-4FAC-8917-74E525E89D93} = {B5A02F60-DD6A-4C43-9586-FF4916A51E68}
		{92712264-44F9-437E-8970-0582C103BE62} = {B5A02F60-DD6A-4C43-9586-FF4916A51E68}
		{C4B6A69E-18CC-4CC8-B4A3-DC2995808A4B} = {895A46F2-C02B-4DBB-996E-EBF21787B49A}
		{6054CB13-5836-4090-8F9A-5DD05CC42141} = {C4B6A69E-18CC-4CC8-B4A3-DC2995808A4B}
		{3731E418-4D0E-4231-9458-E6A9405E3B0F} = {C4B6A69E-18CC-4CC8-B4A3-DC2995808A4B}
		{9C9BD988-D0B9-4918-9C8B-D5A4D9E32DDA} = {C4B6A69E-18CC-4CC8-B4A3-DC2995808A4B}
		{6ABE3F60-C436-487B-A21B-B934843302F7} = {C4B6A69E-18CC-4CC8-B4A3-DC2995808A4B}
		{0D571C91-1319-481A-89BB-4A345454CB82} = {895A46F2-C02B-4DBB-996E-EBF21787B49A}
		{860347EB-78E5-4A51-A982-6C3F72893725} = {0D571C91-1319-481A-89BB-4A345454CB82}
		{C0847884-476A-4E33-813D-5824FB3C218E} = {0D571C91-1319-481A-89BB-4A345454CB82}
		{EACB9B61-811A-4FCC-B240-0A8F46D7F884} = {0D571C91-1319-481A-89BB-4A345454CB82}
		{82C3BE3E-281E-46CD-A727-F477CB7BC4E4} = {0D571C91-1319-481A-89BB-4A345454CB82}
	EndGlobalSection
	GlobalSection(ExtensibilityGlobals) = postSolution
		SolutionGuid = {11DB2609-E58A-4994-9805-0D013EF42E4B}
	EndGlobalSection
EndGlobal
