
Microsoft Visual Studio Solution File, Format Version 12.00
# Visual Studio Version 17
VisualStudioVersion = 17.5.002.0
MinimumVisualStudioVersion = 10.0.40219.1
Project("{2150E333-8FDC-42A3-9474-1A3956D46DE8}") = "Basket", "Basket", "{D7DE6EFE-6CC5-406A-B129-827C0BB1DA39}"
EndProject
Project("{9A19103F-16F7-4668-BE54-9A1E7A4F7556}") = "Basket.Api", "Basket\Basket.API\Basket.Api.csproj", "{8B69E31C-B7D6-4EBB-BE71-BFF269D75265}"
EndProject
Project("{9A19103F-16F7-4668-BE54-9A1E7A4F7556}") = "Basket.Model", "Basket\Basket.Model\Basket.Model.csproj", "{0A4962C9-0096-47A4-B6AE-826927039925}"
EndProject
Project("{9A19103F-16F7-4668-BE54-9A1E7A4F7556}") = "Basket.Repository", "Basket\Basket.Repository\Basket.Repository.csproj", "{6A8AB3FB-49AD-46D6-AA98-120493C7F248}"
EndProject
Project("{9A19103F-16F7-4668-BE54-9A1E7A4F7556}") = "Basket.Service", "Basket\Basket.Service\Basket.Service.csproj", "{B8B9C475-962D-4E33-93B9-930B4DD70197}"
EndProject
Project("{2150E333-8FDC-42A3-9474-1A3956D46DE8}") = "Category", "Category", "{98C71866-AD7C-464B-A773-9802F826FFAA}"
EndProject
Project("{9A19103F-16F7-4668-BE54-9A1E7A4F7556}") = "Category.Api", "Category\Category.Api\Category.Api.csproj", "{37162F00-CA8D-4AF1-B942-01EC697D4771}"
EndProject
Project("{9A19103F-16F7-4668-BE54-9A1E7A4F7556}") = "Category.Model", "Category\Category.Model\Category.Model.csproj", "{665BCB23-A00A-4EF1-B7BC-3C6787230DBF}"
EndProject
Project("{9A19103F-16F7-4668-BE54-9A1E7A4F7556}") = "Category.Repository", "Category\Category.Repository\Category.Repository.csproj", "{472C95CD-AEC2-4227-86D0-E998DBCA3A76}"
EndProject
Project("{9A19103F-16F7-4668-BE54-9A1E7A4F7556}") = "Category.Service", "Category\Category.Service\Category.Service.csproj", "{85A812C3-5596-43F4-8821-9E2732252103}"
EndProject
Project("{2150E333-8FDC-42A3-9474-1A3956D46DE8}") = "Customer", "Customer", "{23058046-5451-4EE7-86BF-A5A60103E596}"
EndProject
Project("{9A19103F-16F7-4668-BE54-9A1E7A4F7556}") = "Customer.Api", "Customer\Customer.Api\Customer.Api.csproj", "{C9A1996E-0B65-44C2-9C88-64F4C8C8B16C}"
EndProject
Project("{9A19103F-16F7-4668-BE54-9A1E7A4F7556}") = "Customer.Model", "Customer\Customer.Model\Customer.Model.csproj", "{9A5CF007-4928-45A4-A792-C8C3F7AF9ECA}"
EndProject
Project("{9A19103F-16F7-4668-BE54-9A1E7A4F7556}") = "Customer.Repository", "Customer\Customer.Repository\Customer.Repository.csproj", "{74A30CF4-5A7B-4ABF-9596-AB53F673957F}"
EndProject
Project("{9A19103F-16F7-4668-BE54-9A1E7A4F7556}") = "Customer.Service", "Customer\Customer.Service\Customer.Service.csproj", "{9029B4A0-03E1-43F4-9279-7BBDA70C4AEE}"
EndProject
Project("{2150E333-8FDC-42A3-9474-1A3956D46DE8}") = "Product", "Product", "{86BB7516-2BFD-4505-B990-1CE0DD0AD5E3}"
EndProject
Project("{9A19103F-16F7-4668-BE54-9A1E7A4F7556}") = "Product.Api", "Product\Product.Api\Product.Api.csproj", "{8E506FBB-E58E-4D0A-97F8-95BEB52FE66E}"
EndProject
Project("{9A19103F-16F7-4668-BE54-9A1E7A4F7556}") = "Product.Model", "Product\Product.Model\Product.Model.csproj", "{86B9D0B5-337C-4C32-9B52-09DB9485B161}"
EndProject
Project("{9A19103F-16F7-4668-BE54-9A1E7A4F7556}") = "Product.Repository", "Product\Product.Repository\Product.Repository.csproj", "{907CDD65-DBDF-4BA8-970D-3F48D59EB2EA}"
EndProject
Project("{9A19103F-16F7-4668-BE54-9A1E7A4F7556}") = "Product.Service", "Product\Product.Service\Product.Service.csproj", "{F93B12C1-3632-469E-A182-C5D5DE371017}"
EndProject
Project("{2150E333-8FDC-42A3-9474-1A3956D46DE8}") = "Shared", "Shared", "{4777BEB1-B063-4A1E-A74C-2F86BB3F0BAC}"
EndProject
Project("{9A19103F-16F7-4668-BE54-9A1E7A4F7556}") = "Shared.Repository", "Shared\Shared.Repository\Shared.Repository.csproj", "{58298D3A-3092-4455-9DC3-34D289B2342C}"
EndProject
Project("{9A19103F-16F7-4668-BE54-9A1E7A4F7556}") = "Shared.Repository.Configuration", "Shared\Shared.Repository.Configuration\Shared.Repository.Configuration.csproj", "{D019C974-805C-48E8-8F77-B04D7A062199}"
EndProject
Project("{9A19103F-16F7-4668-BE54-9A1E7A4F7556}") = "Shared.Repository.NoSql", "Shared\Shared.Repository.MongoDb\Shared.Repository.NoSql.csproj", "{AF0DD709-D10F-4499-A752-DEE7959D0B4B}"
EndProject
Project("{9A19103F-16F7-4668-BE54-9A1E7A4F7556}") = "Shared.Repository.RelationalSql", "Shared\Shared.Repository.RelationSql\Shared.Repository.RelationalSql.csproj", "{121D153B-2E2B-4CD6-A4DC-F62C4FBF2ABA}"
EndProject
Global
	GlobalSection(SolutionConfigurationPlatforms) = preSolution
		Debug|Any CPU = Debug|Any CPU
		Release|Any CPU = Release|Any CPU
	EndGlobalSection
	GlobalSection(ProjectConfigurationPlatforms) = postSolution
		{8B69E31C-B7D6-4EBB-BE71-BFF269D75265}.Debug|Any CPU.ActiveCfg = Debug|Any CPU
		{8B69E31C-B7D6-4EBB-BE71-BFF269D75265}.Debug|Any CPU.Build.0 = Debug|Any CPU
		{8B69E31C-B7D6-4EBB-BE71-BFF269D75265}.Release|Any CPU.ActiveCfg = Release|Any CPU
		{8B69E31C-B7D6-4EBB-BE71-BFF269D75265}.Release|Any CPU.Build.0 = Release|Any CPU
		{0A4962C9-0096-47A4-B6AE-826927039925}.Debug|Any CPU.ActiveCfg = Debug|Any CPU
		{0A4962C9-0096-47A4-B6AE-826927039925}.Debug|Any CPU.Build.0 = Debug|Any CPU
		{0A4962C9-0096-47A4-B6AE-826927039925}.Release|Any CPU.ActiveCfg = Release|Any CPU
		{0A4962C9-0096-47A4-B6AE-826927039925}.Release|Any CPU.Build.0 = Release|Any CPU
		{6A8AB3FB-49AD-46D6-AA98-120493C7F248}.Debug|Any CPU.ActiveCfg = Debug|Any CPU
		{6A8AB3FB-49AD-46D6-AA98-120493C7F248}.Debug|Any CPU.Build.0 = Debug|Any CPU
		{6A8AB3FB-49AD-46D6-AA98-120493C7F248}.Release|Any CPU.ActiveCfg = Release|Any CPU
		{6A8AB3FB-49AD-46D6-AA98-120493C7F248}.Release|Any CPU.Build.0 = Release|Any CPU
		{B8B9C475-962D-4E33-93B9-930B4DD70197}.Debug|Any CPU.ActiveCfg = Debug|Any CPU
		{B8B9C475-962D-4E33-93B9-930B4DD70197}.Debug|Any CPU.Build.0 = Debug|Any CPU
		{B8B9C475-962D-4E33-93B9-930B4DD70197}.Release|Any CPU.ActiveCfg = Release|Any CPU
		{B8B9C475-962D-4E33-93B9-930B4DD70197}.Release|Any CPU.Build.0 = Release|Any CPU
		{37162F00-CA8D-4AF1-B942-01EC697D4771}.Debug|Any CPU.ActiveCfg = Debug|Any CPU
		{37162F00-CA8D-4AF1-B942-01EC697D4771}.Debug|Any CPU.Build.0 = Debug|Any CPU
		{37162F00-CA8D-4AF1-B942-01EC697D4771}.Release|Any CPU.ActiveCfg = Release|Any CPU
		{37162F00-CA8D-4AF1-B942-01EC697D4771}.Release|Any CPU.Build.0 = Release|Any CPU
		{665BCB23-A00A-4EF1-B7BC-3C6787230DBF}.Debug|Any CPU.ActiveCfg = Debug|Any CPU
		{665BCB23-A00A-4EF1-B7BC-3C6787230DBF}.Debug|Any CPU.Build.0 = Debug|Any CPU
		{665BCB23-A00A-4EF1-B7BC-3C6787230DBF}.Release|Any CPU.ActiveCfg = Release|Any CPU
		{665BCB23-A00A-4EF1-B7BC-3C6787230DBF}.Release|Any CPU.Build.0 = Release|Any CPU
		{472C95CD-AEC2-4227-86D0-E998DBCA3A76}.Debug|Any CPU.ActiveCfg = Debug|Any CPU
		{472C95CD-AEC2-4227-86D0-E998DBCA3A76}.Debug|Any CPU.Build.0 = Debug|Any CPU
		{472C95CD-AEC2-4227-86D0-E998DBCA3A76}.Release|Any CPU.ActiveCfg = Release|Any CPU
		{472C95CD-AEC2-4227-86D0-E998DBCA3A76}.Release|Any CPU.Build.0 = Release|Any CPU
		{85A812C3-5596-43F4-8821-9E2732252103}.Debug|Any CPU.ActiveCfg = Debug|Any CPU
		{85A812C3-5596-43F4-8821-9E2732252103}.Debug|Any CPU.Build.0 = Debug|Any CPU
		{85A812C3-5596-43F4-8821-9E2732252103}.Release|Any CPU.ActiveCfg = Release|Any CPU
		{85A812C3-5596-43F4-8821-9E2732252103}.Release|Any CPU.Build.0 = Release|Any CPU
		{C9A1996E-0B65-44C2-9C88-64F4C8C8B16C}.Debug|Any CPU.ActiveCfg = Debug|Any CPU
		{C9A1996E-0B65-44C2-9C88-64F4C8C8B16C}.Debug|Any CPU.Build.0 = Debug|Any CPU
		{C9A1996E-0B65-44C2-9C88-64F4C8C8B16C}.Release|Any CPU.ActiveCfg = Release|Any CPU
		{C9A1996E-0B65-44C2-9C88-64F4C8C8B16C}.Release|Any CPU.Build.0 = Release|Any CPU
		{9A5CF007-4928-45A4-A792-C8C3F7AF9ECA}.Debug|Any CPU.ActiveCfg = Debug|Any CPU
		{9A5CF007-4928-45A4-A792-C8C3F7AF9ECA}.Debug|Any CPU.Build.0 = Debug|Any CPU
		{9A5CF007-4928-45A4-A792-C8C3F7AF9ECA}.Release|Any CPU.ActiveCfg = Release|Any CPU
		{9A5CF007-4928-45A4-A792-C8C3F7AF9ECA}.Release|Any CPU.Build.0 = Release|Any CPU
		{74A30CF4-5A7B-4ABF-9596-AB53F673957F}.Debug|Any CPU.ActiveCfg = Debug|Any CPU
		{74A30CF4-5A7B-4ABF-9596-AB53F673957F}.Debug|Any CPU.Build.0 = Debug|Any CPU
		{74A30CF4-5A7B-4ABF-9596-AB53F673957F}.Release|Any CPU.ActiveCfg = Release|Any CPU
		{74A30CF4-5A7B-4ABF-9596-AB53F673957F}.Release|Any CPU.Build.0 = Release|Any CPU
		{9029B4A0-03E1-43F4-9279-7BBDA70C4AEE}.Debug|Any CPU.ActiveCfg = Debug|Any CPU
		{9029B4A0-03E1-43F4-9279-7BBDA70C4AEE}.Debug|Any CPU.Build.0 = Debug|Any CPU
		{9029B4A0-03E1-43F4-9279-7BBDA70C4AEE}.Release|Any CPU.ActiveCfg = Release|Any CPU
		{9029B4A0-03E1-43F4-9279-7BBDA70C4AEE}.Release|Any CPU.Build.0 = Release|Any CPU
		{8E506FBB-E58E-4D0A-97F8-95BEB52FE66E}.Debug|Any CPU.ActiveCfg = Debug|Any CPU
		{8E506FBB-E58E-4D0A-97F8-95BEB52FE66E}.Debug|Any CPU.Build.0 = Debug|Any CPU
		{8E506FBB-E58E-4D0A-97F8-95BEB52FE66E}.Release|Any CPU.ActiveCfg = Release|Any CPU
		{8E506FBB-E58E-4D0A-97F8-95BEB52FE66E}.Release|Any CPU.Build.0 = Release|Any CPU
		{86B9D0B5-337C-4C32-9B52-09DB9485B161}.Debug|Any CPU.ActiveCfg = Debug|Any CPU
		{86B9D0B5-337C-4C32-9B52-09DB9485B161}.Debug|Any CPU.Build.0 = Debug|Any CPU
		{86B9D0B5-337C-4C32-9B52-09DB9485B161}.Release|Any CPU.ActiveCfg = Release|Any CPU
		{86B9D0B5-337C-4C32-9B52-09DB9485B161}.Release|Any CPU.Build.0 = Release|Any CPU
		{907CDD65-DBDF-4BA8-970D-3F48D59EB2EA}.Debug|Any CPU.ActiveCfg = Debug|Any CPU
		{907CDD65-DBDF-4BA8-970D-3F48D59EB2EA}.Debug|Any CPU.Build.0 = Debug|Any CPU
		{907CDD65-DBDF-4BA8-970D-3F48D59EB2EA}.Release|Any CPU.ActiveCfg = Release|Any CPU
		{907CDD65-DBDF-4BA8-970D-3F48D59EB2EA}.Release|Any CPU.Build.0 = Release|Any CPU
		{F93B12C1-3632-469E-A182-C5D5DE371017}.Debug|Any CPU.ActiveCfg = Debug|Any CPU
		{F93B12C1-3632-469E-A182-C5D5DE371017}.Debug|Any CPU.Build.0 = Debug|Any CPU
		{F93B12C1-3632-469E-A182-C5D5DE371017}.Release|Any CPU.ActiveCfg = Release|Any CPU
		{F93B12C1-3632-469E-A182-C5D5DE371017}.Release|Any CPU.Build.0 = Release|Any CPU
		{58298D3A-3092-4455-9DC3-34D289B2342C}.Debug|Any CPU.ActiveCfg = Debug|Any CPU
		{58298D3A-3092-4455-9DC3-34D289B2342C}.Debug|Any CPU.Build.0 = Debug|Any CPU
		{58298D3A-3092-4455-9DC3-34D289B2342C}.Release|Any CPU.ActiveCfg = Release|Any CPU
		{58298D3A-3092-4455-9DC3-34D289B2342C}.Release|Any CPU.Build.0 = Release|Any CPU
		{D019C974-805C-48E8-8F77-B04D7A062199}.Debug|Any CPU.ActiveCfg = Debug|Any CPU
		{D019C974-805C-48E8-8F77-B04D7A062199}.Debug|Any CPU.Build.0 = Debug|Any CPU
		{D019C974-805C-48E8-8F77-B04D7A062199}.Release|Any CPU.ActiveCfg = Release|Any CPU
		{D019C974-805C-48E8-8F77-B04D7A062199}.Release|Any CPU.Build.0 = Release|Any CPU
		{AF0DD709-D10F-4499-A752-DEE7959D0B4B}.Debug|Any CPU.ActiveCfg = Debug|Any CPU
		{AF0DD709-D10F-4499-A752-DEE7959D0B4B}.Debug|Any CPU.Build.0 = Debug|Any CPU
		{AF0DD709-D10F-4499-A752-DEE7959D0B4B}.Release|Any CPU.ActiveCfg = Release|Any CPU
		{AF0DD709-D10F-4499-A752-DEE7959D0B4B}.Release|Any CPU.Build.0 = Release|Any CPU
		{121D153B-2E2B-4CD6-A4DC-F62C4FBF2ABA}.Debug|Any CPU.ActiveCfg = Debug|Any CPU
		{121D153B-2E2B-4CD6-A4DC-F62C4FBF2ABA}.Debug|Any CPU.Build.0 = Debug|Any CPU
		{121D153B-2E2B-4CD6-A4DC-F62C4FBF2ABA}.Release|Any CPU.ActiveCfg = Release|Any CPU
		{121D153B-2E2B-4CD6-A4DC-F62C4FBF2ABA}.Release|Any CPU.Build.0 = Release|Any CPU
	EndGlobalSection
	GlobalSection(SolutionProperties) = preSolution
		HideSolutionNode = FALSE
	EndGlobalSection
	GlobalSection(NestedProjects) = preSolution
		{8B69E31C-B7D6-4EBB-BE71-BFF269D75265} = {D7DE6EFE-6CC5-406A-B129-827C0BB1DA39}
		{0A4962C9-0096-47A4-B6AE-826927039925} = {D7DE6EFE-6CC5-406A-B129-827C0BB1DA39}
		{6A8AB3FB-49AD-46D6-AA98-120493C7F248} = {D7DE6EFE-6CC5-406A-B129-827C0BB1DA39}
		{B8B9C475-962D-4E33-93B9-930B4DD70197} = {D7DE6EFE-6CC5-406A-B129-827C0BB1DA39}
		{37162F00-CA8D-4AF1-B942-01EC697D4771} = {98C71866-AD7C-464B-A773-9802F826FFAA}
		{665BCB23-A00A-4EF1-B7BC-3C6787230DBF} = {98C71866-AD7C-464B-A773-9802F826FFAA}
		{472C95CD-AEC2-4227-86D0-E998DBCA3A76} = {98C71866-AD7C-464B-A773-9802F826FFAA}
		{85A812C3-5596-43F4-8821-9E2732252103} = {98C71866-AD7C-464B-A773-9802F826FFAA}
		{C9A1996E-0B65-44C2-9C88-64F4C8C8B16C} = {23058046-5451-4EE7-86BF-A5A60103E596}
		{9A5CF007-4928-45A4-A792-C8C3F7AF9ECA} = {23058046-5451-4EE7-86BF-A5A60103E596}
		{74A30CF4-5A7B-4ABF-9596-AB53F673957F} = {23058046-5451-4EE7-86BF-A5A60103E596}
		{9029B4A0-03E1-43F4-9279-7BBDA70C4AEE} = {23058046-5451-4EE7-86BF-A5A60103E596}
		{8E506FBB-E58E-4D0A-97F8-95BEB52FE66E} = {86BB7516-2BFD-4505-B990-1CE0DD0AD5E3}
		{86B9D0B5-337C-4C32-9B52-09DB9485B161} = {86BB7516-2BFD-4505-B990-1CE0DD0AD5E3}
		{907CDD65-DBDF-4BA8-970D-3F48D59EB2EA} = {86BB7516-2BFD-4505-B990-1CE0DD0AD5E3}
		{F93B12C1-3632-469E-A182-C5D5DE371017} = {86BB7516-2BFD-4505-B990-1CE0DD0AD5E3}
		{58298D3A-3092-4455-9DC3-34D289B2342C} = {4777BEB1-B063-4A1E-A74C-2F86BB3F0BAC}
		{D019C974-805C-48E8-8F77-B04D7A062199} = {4777BEB1-B063-4A1E-A74C-2F86BB3F0BAC}
		{AF0DD709-D10F-4499-A752-DEE7959D0B4B} = {4777BEB1-B063-4A1E-A74C-2F86BB3F0BAC}
		{121D153B-2E2B-4CD6-A4DC-F62C4FBF2ABA} = {4777BEB1-B063-4A1E-A74C-2F86BB3F0BAC}
	EndGlobalSection
	GlobalSection(ExtensibilityGlobals) = postSolution
		SolutionGuid = {1A9AB65B-D524-431F-BA7D-E67AC08D3C0C}
	EndGlobalSection
EndGlobal
